
Microsoft Visual Studio Solution File, Format Version 12.00
# Visual Studio Version 16
VisualStudioVersion = 16.0.29728.190
MinimumVisualStudioVersion = 10.0.40219.1
Project("{FAE04EC0-301F-11D3-BF4B-00C04F79EFBC}") = "AzurePractice", "AzurePractice\AzurePractice.csproj", "{2831909E-5535-4BCD-9B37-32A1277ACEF5}"
EndProject
Global
	GlobalSection(SolutionConfigurationPlatforms) = preSolution
		Debug|Any CPU = Debug|Any CPU
		Release|Any CPU = Release|Any CPU
	EndGlobalSection
	GlobalSection(ProjectConfigurationPlatforms) = postSolution
		{2831909E-5535-4BCD-9B37-32A1277ACEF5}.Debug|Any CPU.ActiveCfg = Debug|Any CPU
		{2831909E-5535-4BCD-9B37-32A1277ACEF5}.Debug|Any CPU.Build.0 = Debug|Any CPU
		{2831909E-5535-4BCD-9B37-32A1277ACEF5}.Release|Any CPU.ActiveCfg = Release|Any CPU
		{2831909E-5535-4BCD-9B37-32A1277ACEF5}.Release|Any CPU.Build.0 = Release|Any CPU
	EndGlobalSection
	GlobalSection(SolutionProperties) = preSolution
		HideSolutionNode = FALSE
	EndGlobalSection
	GlobalSection(ExtensibilityGlobals) = postSolution
		SolutionGuid = {D0E094E3-1522-4457-8B7A-F8A1CBE1D056}
	EndGlobalSection
EndGlobal
